
Microsoft Visual Studio Solution File, Format Version 12.00
# Visual Studio Version 17
VisualStudioVersion = 17.8.34330.188
MinimumVisualStudioVersion = 10.0.40219.1
Project("{9A19103F-16F7-4668-BE54-9A1E7A4F7556}") = "BaiTap4", "BaiTap4\BaiTap4.csproj", "{9152CDAC-AC91-4434-96AE-29685D97A637}"
EndProject
Project("{9A19103F-16F7-4668-BE54-9A1E7A4F7556}") = "BT4.1", "BT4.1\BT4.1.csproj", "{28DD9EBA-2A5A-48BB-9392-A272EAD37FC0}"
EndProject
Project("{FAE04EC0-301F-11D3-BF4B-00C04F79EFBC}") = "BT4.2", "BT4.2\BT4.2.csproj", "{9C99C7E0-CF39-4B9E-A900-61E0CE988F72}"
EndProject
Global
	GlobalSection(SolutionConfigurationPlatforms) = preSolution
		Debug|Any CPU = Debug|Any CPU
		Release|Any CPU = Release|Any CPU
	EndGlobalSection
	GlobalSection(ProjectConfigurationPlatforms) = postSolution
		{9152CDAC-AC91-4434-96AE-29685D97A637}.Debug|Any CPU.ActiveCfg = Debug|Any CPU
		{9152CDAC-AC91-4434-96AE-29685D97A637}.Debug|Any CPU.Build.0 = Debug|Any CPU
		{9152CDAC-AC91-4434-96AE-29685D97A637}.Release|Any CPU.ActiveCfg = Release|Any CPU
		{9152CDAC-AC91-4434-96AE-29685D97A637}.Release|Any CPU.Build.0 = Release|Any CPU
		{28DD9EBA-2A5A-48BB-9392-A272EAD37FC0}.Debug|Any CPU.ActiveCfg = Debug|Any CPU
		{28DD9EBA-2A5A-48BB-9392-A272EAD37FC0}.Debug|Any CPU.Build.0 = Debug|Any CPU
		{28DD9EBA-2A5A-48BB-9392-A272EAD37FC0}.Release|Any CPU.ActiveCfg = Release|Any CPU
		{28DD9EBA-2A5A-48BB-9392-A272EAD37FC0}.Release|Any CPU.Build.0 = Release|Any CPU
		{9C99C7E0-CF39-4B9E-A900-61E0CE988F72}.Debug|Any CPU.ActiveCfg = Debug|Any CPU
		{9C99C7E0-CF39-4B9E-A900-61E0CE988F72}.Debug|Any CPU.Build.0 = Debug|Any CPU
		{9C99C7E0-CF39-4B9E-A900-61E0CE988F72}.Release|Any CPU.ActiveCfg = Release|Any CPU
		{9C99C7E0-CF39-4B9E-A900-61E0CE988F72}.Release|Any CPU.Build.0 = Release|Any CPU
	EndGlobalSection
	GlobalSection(SolutionProperties) = preSolution
		HideSolutionNode = FALSE
	EndGlobalSection
	GlobalSection(ExtensibilityGlobals) = postSolution
		SolutionGuid = {33954236-9215-4664-BD5F-072D58506E83}
	EndGlobalSection
EndGlobal
