
Microsoft Visual Studio Solution File, Format Version 12.00
# Visual Studio Version 17
VisualStudioVersion = 17.8.34330.188
MinimumVisualStudioVersion = 10.0.40219.1
Project("{FAE04EC0-301F-11D3-BF4B-00C04F79EFBC}") = "Lab03", "Lab03.csproj", "{1B355075-DFDA-433A-A0F6-B250336BCD06}"
EndProject
Global
	GlobalSection(SolutionConfigurationPlatforms) = preSolution
		Debug|Any CPU = Debug|Any CPU
		Release|Any CPU = Release|Any CPU
	EndGlobalSection
	GlobalSection(ProjectConfigurationPlatforms) = postSolution
		{1B355075-DFDA-433A-A0F6-B250336BCD06}.Debug|Any CPU.ActiveCfg = Debug|Any CPU
		{1B355075-DFDA-433A-A0F6-B250336BCD06}.Debug|Any CPU.Build.0 = Debug|Any CPU
		{1B355075-DFDA-433A-A0F6-B250336BCD06}.Release|Any CPU.ActiveCfg = Release|Any CPU
		{1B355075-DFDA-433A-A0F6-B250336BCD06}.Release|Any CPU.Build.0 = Release|Any CPU
	EndGlobalSection
	GlobalSection(SolutionProperties) = preSolution
		HideSolutionNode = FALSE
	EndGlobalSection
	GlobalSection(ExtensibilityGlobals) = postSolution
		SolutionGuid = {76B0617F-CC90-4CB5-9D8A-CC410CA00950}
	EndGlobalSection
EndGlobal
