
Microsoft Visual Studio Solution File, Format Version 12.00
# Visual Studio Version 17
VisualStudioVersion = 17.8.34330.188
MinimumVisualStudioVersion = 10.0.40219.1
Project("{9A19103F-16F7-4668-BE54-9A1E7A4F7556}") = "Lab5", "Lab5\Lab5.csproj", "{9362B76C-BA03-4B7E-8B3D-52CBD3075C9F}"
EndProject
Project("{9A19103F-16F7-4668-BE54-9A1E7A4F7556}") = "Lab5.1", "Lab5.1\Lab5.1.csproj", "{977411A6-6BE8-4A7D-9FDF-CDB36F36B2D0}"
EndProject
Project("{9A19103F-16F7-4668-BE54-9A1E7A4F7556}") = "Lab5.2", "Lab5.2\Lab5.2.csproj", "{91E09AFC-CB6A-4974-8C25-1AC84A13A17D}"
EndProject
Project("{9A19103F-16F7-4668-BE54-9A1E7A4F7556}") = "Lab5.3", "Lab5.3\Lab5.3.csproj", "{1381092D-447F-4441-A0DA-2E17B355C11C}"
EndProject
Project("{FAE04EC0-301F-11D3-BF4B-00C04F79EFBC}") = "Lab5.4", "Lab5.4\Lab5.4.csproj", "{212F0DDC-9571-42BE-BF10-7C2B25D0BD07}"
EndProject
Global
	GlobalSection(SolutionConfigurationPlatforms) = preSolution
		Debug|Any CPU = Debug|Any CPU
		Release|Any CPU = Release|Any CPU
	EndGlobalSection
	GlobalSection(ProjectConfigurationPlatforms) = postSolution
		{9362B76C-BA03-4B7E-8B3D-52CBD3075C9F}.Debug|Any CPU.ActiveCfg = Debug|Any CPU
		{9362B76C-BA03-4B7E-8B3D-52CBD3075C9F}.Debug|Any CPU.Build.0 = Debug|Any CPU
		{9362B76C-BA03-4B7E-8B3D-52CBD3075C9F}.Release|Any CPU.ActiveCfg = Release|Any CPU
		{9362B76C-BA03-4B7E-8B3D-52CBD3075C9F}.Release|Any CPU.Build.0 = Release|Any CPU
		{977411A6-6BE8-4A7D-9FDF-CDB36F36B2D0}.Debug|Any CPU.ActiveCfg = Debug|Any CPU
		{977411A6-6BE8-4A7D-9FDF-CDB36F36B2D0}.Debug|Any CPU.Build.0 = Debug|Any CPU
		{977411A6-6BE8-4A7D-9FDF-CDB36F36B2D0}.Release|Any CPU.ActiveCfg = Release|Any CPU
		{977411A6-6BE8-4A7D-9FDF-CDB36F36B2D0}.Release|Any CPU.Build.0 = Release|Any CPU
		{91E09AFC-CB6A-4974-8C25-1AC84A13A17D}.Debug|Any CPU.ActiveCfg = Debug|Any CPU
		{91E09AFC-CB6A-4974-8C25-1AC84A13A17D}.Debug|Any CPU.Build.0 = Debug|Any CPU
		{91E09AFC-CB6A-4974-8C25-1AC84A13A17D}.Release|Any CPU.ActiveCfg = Release|Any CPU
		{91E09AFC-CB6A-4974-8C25-1AC84A13A17D}.Release|Any CPU.Build.0 = Release|Any CPU
		{1381092D-447F-4441-A0DA-2E17B355C11C}.Debug|Any CPU.ActiveCfg = Debug|Any CPU
		{1381092D-447F-4441-A0DA-2E17B355C11C}.Debug|Any CPU.Build.0 = Debug|Any CPU
		{1381092D-447F-4441-A0DA-2E17B355C11C}.Release|Any CPU.ActiveCfg = Release|Any CPU
		{1381092D-447F-4441-A0DA-2E17B355C11C}.Release|Any CPU.Build.0 = Release|Any CPU
		{212F0DDC-9571-42BE-BF10-7C2B25D0BD07}.Debug|Any CPU.ActiveCfg = Debug|Any CPU
		{212F0DDC-9571-42BE-BF10-7C2B25D0BD07}.Debug|Any CPU.Build.0 = Debug|Any CPU
		{212F0DDC-9571-42BE-BF10-7C2B25D0BD07}.Release|Any CPU.ActiveCfg = Release|Any CPU
		{212F0DDC-9571-42BE-BF10-7C2B25D0BD07}.Release|Any CPU.Build.0 = Release|Any CPU
	EndGlobalSection
	GlobalSection(SolutionProperties) = preSolution
		HideSolutionNode = FALSE
	EndGlobalSection
	GlobalSection(ExtensibilityGlobals) = postSolution
		SolutionGuid = {16294815-18E5-4B48-BE56-449E19436B76}
	EndGlobalSection
EndGlobal
